
Microsoft Visual Studio Solution File, Format Version 12.00
# Visual Studio Version 16
VisualStudioVersion = 16.0.32802.440
MinimumVisualStudioVersion = 10.0.40219.1
Project("{FAE04EC0-301F-11D3-BF4B-00C04F79EFBC}") = "ArraysAndLists.cs", "ArraysAndLists.cs\ArraysAndLists.cs.csproj", "{39D34216-D603-4F4D-B53B-849F956AA205}"
EndProject
Global
	GlobalSection(SolutionConfigurationPlatforms) = preSolution
		Debug|Any CPU = Debug|Any CPU
		Release|Any CPU = Release|Any CPU
	EndGlobalSection
	GlobalSection(ProjectConfigurationPlatforms) = postSolution
		{39D34216-D603-4F4D-B53B-849F956AA205}.Debug|Any CPU.ActiveCfg = Debug|Any CPU
		{39D34216-D603-4F4D-B53B-849F956AA205}.Debug|Any CPU.Build.0 = Debug|Any CPU
		{39D34216-D603-4F4D-B53B-849F956AA205}.Release|Any CPU.ActiveCfg = Release|Any CPU
		{39D34216-D603-4F4D-B53B-849F956AA205}.Release|Any CPU.Build.0 = Release|Any CPU
	EndGlobalSection
	GlobalSection(SolutionProperties) = preSolution
		HideSolutionNode = FALSE
	EndGlobalSection
	GlobalSection(ExtensibilityGlobals) = postSolution
		SolutionGuid = {DB935D08-E6F6-42D3-B7B9-9CF38D279023}
	EndGlobalSection
EndGlobal
