
Microsoft Visual Studio Solution File, Format Version 12.00
# Visual Studio Version 16
VisualStudioVersion = 16.0.32802.440
MinimumVisualStudioVersion = 10.0.40219.1
Project("{FAE04EC0-301F-11D3-BF4B-00C04F79EFBC}") = "MathPage185.cs", "MathPage185.cs\MathPage185.cs.csproj", "{5347EB85-E3C7-42DF-8C7C-D8138DEE79D9}"
EndProject
Global
	GlobalSection(SolutionConfigurationPlatforms) = preSolution
		Debug|Any CPU = Debug|Any CPU
		Release|Any CPU = Release|Any CPU
	EndGlobalSection
	GlobalSection(ProjectConfigurationPlatforms) = postSolution
		{5347EB85-E3C7-42DF-8C7C-D8138DEE79D9}.Debug|Any CPU.ActiveCfg = Debug|Any CPU
		{5347EB85-E3C7-42DF-8C7C-D8138DEE79D9}.Debug|Any CPU.Build.0 = Debug|Any CPU
		{5347EB85-E3C7-42DF-8C7C-D8138DEE79D9}.Release|Any CPU.ActiveCfg = Release|Any CPU
		{5347EB85-E3C7-42DF-8C7C-D8138DEE79D9}.Release|Any CPU.Build.0 = Release|Any CPU
	EndGlobalSection
	GlobalSection(SolutionProperties) = preSolution
		HideSolutionNode = FALSE
	EndGlobalSection
	GlobalSection(ExtensibilityGlobals) = postSolution
		SolutionGuid = {2716E27F-AD56-4A71-876D-FE102610315C}
	EndGlobalSection
EndGlobal
