
Microsoft Visual Studio Solution File, Format Version 12.00
# Visual Studio Version 16
VisualStudioVersion = 16.0.32802.440
MinimumVisualStudioVersion = 10.0.40219.1
Project("{FAE04EC0-301F-11D3-BF4B-00C04F79EFBC}") = "IncomeComparison.cs", "IncomeComparison.cs\IncomeComparison.cs.csproj", "{E6D33B75-FC3F-4565-8674-646DFE0C72D9}"
EndProject
Global
	GlobalSection(SolutionConfigurationPlatforms) = preSolution
		Debug|Any CPU = Debug|Any CPU
		Release|Any CPU = Release|Any CPU
	EndGlobalSection
	GlobalSection(ProjectConfigurationPlatforms) = postSolution
		{E6D33B75-FC3F-4565-8674-646DFE0C72D9}.Debug|Any CPU.ActiveCfg = Debug|Any CPU
		{E6D33B75-FC3F-4565-8674-646DFE0C72D9}.Debug|Any CPU.Build.0 = Debug|Any CPU
		{E6D33B75-FC3F-4565-8674-646DFE0C72D9}.Release|Any CPU.ActiveCfg = Release|Any CPU
		{E6D33B75-FC3F-4565-8674-646DFE0C72D9}.Release|Any CPU.Build.0 = Release|Any CPU
	EndGlobalSection
	GlobalSection(SolutionProperties) = preSolution
		HideSolutionNode = FALSE
	EndGlobalSection
	GlobalSection(ExtensibilityGlobals) = postSolution
		SolutionGuid = {1E89DE71-156D-47BA-8BD4-7AC505A29EE4}
	EndGlobalSection
EndGlobal
