
Microsoft Visual Studio Solution File, Format Version 12.00
# Visual Studio Version 16
VisualStudioVersion = 16.0.32802.440
MinimumVisualStudioVersion = 10.0.40219.1
Project("{FAE04EC0-301F-11D3-BF4B-00C04F79EFBC}") = "StringAssignment.cs", "StringAssignment.cs\StringAssignment.cs.csproj", "{422550F6-6954-4F14-A26B-DE6D18ADC013}"
EndProject
Global
	GlobalSection(SolutionConfigurationPlatforms) = preSolution
		Debug|Any CPU = Debug|Any CPU
		Release|Any CPU = Release|Any CPU
	EndGlobalSection
	GlobalSection(ProjectConfigurationPlatforms) = postSolution
		{422550F6-6954-4F14-A26B-DE6D18ADC013}.Debug|Any CPU.ActiveCfg = Debug|Any CPU
		{422550F6-6954-4F14-A26B-DE6D18ADC013}.Debug|Any CPU.Build.0 = Debug|Any CPU
		{422550F6-6954-4F14-A26B-DE6D18ADC013}.Release|Any CPU.ActiveCfg = Release|Any CPU
		{422550F6-6954-4F14-A26B-DE6D18ADC013}.Release|Any CPU.Build.0 = Release|Any CPU
	EndGlobalSection
	GlobalSection(SolutionProperties) = preSolution
		HideSolutionNode = FALSE
	EndGlobalSection
	GlobalSection(ExtensibilityGlobals) = postSolution
		SolutionGuid = {76D24833-39F3-4A8D-97DC-501D0AEFEF16}
	EndGlobalSection
EndGlobal
