
Microsoft Visual Studio Solution File, Format Version 12.00
# Visual Studio Version 16
VisualStudioVersion = 16.0.32802.440
MinimumVisualStudioVersion = 10.0.40219.1
Project("{FAE04EC0-301F-11D3-BF4B-00C04F79EFBC}") = "WhileAssignment.cs", "WhileAssignment.cs\WhileAssignment.cs.csproj", "{5C706C2F-746A-4A2B-A62D-C391C120377B}"
EndProject
Global
	GlobalSection(SolutionConfigurationPlatforms) = preSolution
		Debug|Any CPU = Debug|Any CPU
		Release|Any CPU = Release|Any CPU
	EndGlobalSection
	GlobalSection(ProjectConfigurationPlatforms) = postSolution
		{5C706C2F-746A-4A2B-A62D-C391C120377B}.Debug|Any CPU.ActiveCfg = Debug|Any CPU
		{5C706C2F-746A-4A2B-A62D-C391C120377B}.Debug|Any CPU.Build.0 = Debug|Any CPU
		{5C706C2F-746A-4A2B-A62D-C391C120377B}.Release|Any CPU.ActiveCfg = Release|Any CPU
		{5C706C2F-746A-4A2B-A62D-C391C120377B}.Release|Any CPU.Build.0 = Release|Any CPU
	EndGlobalSection
	GlobalSection(SolutionProperties) = preSolution
		HideSolutionNode = FALSE
	EndGlobalSection
	GlobalSection(ExtensibilityGlobals) = postSolution
		SolutionGuid = {E9E12D87-94C5-4A10-9123-730D43EB8276}
	EndGlobalSection
EndGlobal
